
Microsoft Visual Studio Solution File, Format Version 12.00
# Visual Studio Version 17
VisualStudioVersion = 17.2.32505.173
MinimumVisualStudioVersion = 10.0.40219.1
Project("{2150E333-8FDC-42A3-9474-1A3956D46DE8}") = "IronOCRFolder", "IronOCRFolder", "{A2E425CC-087D-4FEB-B00D-E04ABC71146A}"
EndProject
Project("{9A19103F-16F7-4668-BE54-9A1E7A4F7556}") = "Docker31IronOCRLinuxDebian10", "IronOCRFolder\Docker31IronOCRLinuxDebian10\Docker31IronOCRLinuxDebian10.csproj", "{A4CA1322-CE9D-4DCE-AF3B-2D4C00C4D036}"
EndProject
Project("{9A19103F-16F7-4668-BE54-9A1E7A4F7556}") = "Docker31IronOCRLinuxDebian11", "IronOCRFolder\Docker31IronOCRLinuxDebian11\Docker31IronOCRLinuxDebian11.csproj", "{33C508E5-4FBE-45B5-A0D0-308EFB0DCCF4}"
EndProject
Project("{9A19103F-16F7-4668-BE54-9A1E7A4F7556}") = "Docker31IronOCRLinuxUbunto18", "IronOCRFolder\Docker31IronOCRLinuxUbunto18\Docker31IronOCRLinuxUbunto18.csproj", "{AB9E79BA-10DC-4E3A-B323-DC6D6B0989A3}"
EndProject
Project("{9A19103F-16F7-4668-BE54-9A1E7A4F7556}") = "Docker31IronOCRLinuxUbunto20", "IronOCRFolder\Docker31IronOCRLinuxUbunto20\Docker31IronOCRLinuxUbunto20.csproj", "{8A0A5C3D-63F8-444B-8706-102BA64FCE28}"
EndProject
Project("{9A19103F-16F7-4668-BE54-9A1E7A4F7556}") = "Docker31IronOCRLinuxCentOS7", "IronOCRFolder\Docker31IronOCRLinuxCentOS7\Docker31IronOCRLinuxCentOS7.csproj", "{7A7FFDDB-D79A-420D-A55E-85AF95B23704}"
EndProject
Project("{9A19103F-16F7-4668-BE54-9A1E7A4F7556}") = "Docker31IronOCRLinuxCentOS8", "IronOCRFolder\Docker31IronOCRLinuxCentOS8\Docker31IronOCRLinuxCentOS8.csproj", "{5DAF59B2-C3A1-4657-B565-9F51AC8EAD6E}"
EndProject
Project("{9A19103F-16F7-4668-BE54-9A1E7A4F7556}") = "Docker5IronOCRLinuxDebian10", "IronOCRFolder\Docker5IronOCRLinuxDebian10\Docker5IronOCRLinuxDebian10.csproj", "{AFE30637-1A5B-44EB-AD30-2B25D8BEDA73}"
EndProject
Project("{FAE04EC0-301F-11D3-BF4B-00C04F79EFBC}") = "ASPFrameworkMVCIronOCR", "IronOCRFolder\ASPFrameworkMVCIronOCR\ASPFrameworkMVCIronOCR.csproj", "{D119D52E-AB20-4EAA-B23A-38E4C871977F}"
EndProject
Project("{9A19103F-16F7-4668-BE54-9A1E7A4F7556}") = "Docker5IronOCRLinuxUbunto20", "IronOCRFolder\Docker5IronOCRLinuxUbunto20\Docker5IronOCRLinuxUbunto20.csproj", "{4E11E0EE-D161-4699-A988-9054A51B3710}"
EndProject
Project("{9A19103F-16F7-4668-BE54-9A1E7A4F7556}") = "Docker5IronOCRLinuxDebian11", "IronOCRFolder\Docker5IronOCRLinuxDebian11\Docker5IronOCRLinuxDebian11.csproj", "{1061BC39-40FA-4C05-A260-7A99C7E83133}"
EndProject
Project("{9A19103F-16F7-4668-BE54-9A1E7A4F7556}") = "Docker5IronOCRLinuxCentOS7", "IronOCRFolder\Docker5IronOCRLinuxCentOS7\Docker5IronOCRLinuxCentOS7.csproj", "{F40A6F46-CCF3-4173-B7FD-C115B37D32C9}"
EndProject
Project("{9A19103F-16F7-4668-BE54-9A1E7A4F7556}") = "Docker31IronOCRAzureFunction", "IronOCRFolder\Docker31IronOCRAzureFunction\Docker31IronOCRAzureFunction.csproj", "{4C15E827-5CCB-492B-B6C7-D7AE356F60A5}"
EndProject
Project("{2150E333-8FDC-42A3-9474-1A3956D46DE8}") = "IronPdfFolder", "IronPdfFolder", "{9F454F16-9241-46DE-8114-96F9EBB043B3}"
EndProject
Project("{2150E333-8FDC-42A3-9474-1A3956D46DE8}") = "IronXLFolder", "IronXLFolder", "{3BB473E4-DBC6-4646-9473-177AC4D17533}"
EndProject
Project("{9A19103F-16F7-4668-BE54-9A1E7A4F7556}") = "Docker31IronXLLinuxDebian10", "IronXLFolder\Docker31IronXLLinuxDebian10\Docker31IronXLLinuxDebian10.csproj", "{D75B34AA-6CEE-4CE7-84D8-0B29FF0437FF}"
EndProject
Project("{9A19103F-16F7-4668-BE54-9A1E7A4F7556}") = "Docker31IronXLLinuxDebian11", "IronXLFolder\Docker31IronXLLinuxDebian11\Docker31IronXLLinuxDebian11.csproj", "{092BE2FF-5385-4F09-AB5B-0672B7C791E0}"
EndProject
Project("{9A19103F-16F7-4668-BE54-9A1E7A4F7556}") = "Docker31IronXLLinuxUbunto18", "IronXLFolder\Docker31IronXLLinuxUbunto18\Docker31IronXLLinuxUbunto18.csproj", "{6D9A2279-910C-402D-8FB7-4EC1D2463897}"
EndProject
Project("{9A19103F-16F7-4668-BE54-9A1E7A4F7556}") = "Docker31IronXLLinuxUbunto20", "IronXLFolder\Docker31IronXLLinuxUbunto20\Docker31IronXLLinuxUbunto20.csproj", "{A5401FBD-B6DA-40A8-8329-AE35A9DA1115}"
EndProject
Project("{9A19103F-16F7-4668-BE54-9A1E7A4F7556}") = "Docker5IronXLLinuxDebian10", "IronXLFolder\Docker5IronXLLinuxDebian10\Docker5IronXLLinuxDebian10.csproj", "{253E95CB-E15D-4C5B-97D6-557A977BC242}"
EndProject
Project("{9A19103F-16F7-4668-BE54-9A1E7A4F7556}") = "Docker5IronXLLinuxDebian11", "IronXLFolder\Docker5IronXLLinuxDebian11\Docker5IronXLLinuxDebian11.csproj", "{28C800FE-42E8-48E8-BA07-3671AC7A9B54}"
EndProject
Project("{9A19103F-16F7-4668-BE54-9A1E7A4F7556}") = "Docker5IronXLLinuxUbunto20", "IronXLFolder\Docker5IronXLLinuxUbunto20\Docker5IronXLLinuxUbunto20.csproj", "{218659D0-2C0C-4B6D-A456-D25388A5901E}"
EndProject
Project("{9A19103F-16F7-4668-BE54-9A1E7A4F7556}") = "Docker31IronXlLinuxCentOS7", "IronXLFolder\Docker31IronXlLinuxCentOS7\Docker31IronXlLinuxCentOS7.csproj", "{90FD6C2F-4F40-4AC1-9DC7-CF09F486D5B9}"
EndProject
Project("{9A19103F-16F7-4668-BE54-9A1E7A4F7556}") = "Docker5IronXlLinuxCentOS7", "IronXLFolder\Docker5IronXlLinuxCentOS7\Docker5IronXlLinuxCentOS7.csproj", "{1E9F7F90-D3FD-4ED4-ACE6-DB21C16FD666}"
EndProject
Project("{9A19103F-16F7-4668-BE54-9A1E7A4F7556}") = "Docker31IronXlLinuxCentOS8", "IronXLFolder\Docker31IronXlLinuxCentOS8\Docker31IronXlLinuxCentOS8.csproj", "{03A73495-832C-4B0B-95EB-29218AECC651}"
EndProject
Project("{9A19103F-16F7-4668-BE54-9A1E7A4F7556}") = "Docker5IronXlLinuxCentOS8", "IronXLFolder\Docker5IronXlLinuxCentOS8\Docker5IronXlLinuxCentOS8.csproj", "{3D5919FA-2C59-4C6C-9945-8AB3FE40201C}"
EndProject
Project("{9A19103F-16F7-4668-BE54-9A1E7A4F7556}") = "LinuxDebian10Docker31IronPdf", "IronPdfFolder\LinuxDebian10Docker31IronPdf\LinuxDebian10Docker31IronPdf.csproj", "{9ED1931C-C199-448D-B4A0-2EE08C416F07}"
EndProject
Project("{9A19103F-16F7-4668-BE54-9A1E7A4F7556}") = "LinuxUbunto20Docker31IronPdf", "IronPdfFolder\LinuxUbunto20Docker31IronPdf\LinuxUbunto20Docker31IronPdf.csproj", "{D4B84158-E6C1-4538-989B-7400E2F83295}"
EndProject
Project("{9A19103F-16F7-4668-BE54-9A1E7A4F7556}") = "LinuxDebian10Docker5IronPdf", "IronPdfFolder\LinuxDebian10Docker5IronPdf\LinuxDebian10Docker5IronPdf.csproj", "{E366833F-8D25-43EB-B38D-DD88A774BC82}"
EndProject
Project("{2150E333-8FDC-42A3-9474-1A3956D46DE8}") = "IronBarCodeFolder", "IronBarCodeFolder", "{5CDF1B0D-2CD9-4214-AC9C-16096AF2F44B}"
EndProject
Project("{9A19103F-16F7-4668-BE54-9A1E7A4F7556}") = "LinuxDebian10Docker5IronBarcode", "IronBarCodeFolder\LinuxDebian10Docker5IronBarcode\LinuxDebian10Docker5IronBarcode.csproj", "{30BBA6E6-B19E-42D0-AB40-FFBB5E60FC85}"
EndProject
Project("{9A19103F-16F7-4668-BE54-9A1E7A4F7556}") = "LinuxDebian11Docker31IronBarcode", "IronBarCodeFolder\LinuxDebian11Docker31IronBarcode\LinuxDebian11Docker31IronBarcode.csproj", "{389371A7-5F77-44C6-A859-8F611C648125}"
EndProject
Project("{9A19103F-16F7-4668-BE54-9A1E7A4F7556}") = "LinuxDebian10Docker31IronBarcode", "IronBarCodeFolder\LinuxDebian10Docker31IronBarcode\LinuxDebian10Docker31IronBarcode.csproj", "{CE03C712-6F96-4C70-82A4-8DA593FA7FA6}"
EndProject
Project("{9A19103F-16F7-4668-BE54-9A1E7A4F7556}") = "LinuxDebian11Docker5IronBarcode", "IronBarCodeFolder\LinuxDebian11Docker5IronBarcode\LinuxDebian11Docker5IronBarcode.csproj", "{BE8CFEB9-9540-422C-A999-740DB89C5742}"
EndProject
Project("{9A19103F-16F7-4668-BE54-9A1E7A4F7556}") = "LinuxUbunto18Docker31IronBarcode", "IronBarCodeFolder\LinuxUbunto18Docker31IronBarcode\LinuxUbunto18Docker31IronBarcode.csproj", "{DEB0AA5D-E498-468F-8B3A-307C50179F02}"
EndProject
Project("{9A19103F-16F7-4668-BE54-9A1E7A4F7556}") = "LinuxUbunto20Docker31IronBarcode", "IronBarCodeFolder\LinuxUbunto20Docker31IronBarcode\LinuxUbunto20Docker31IronBarcode.csproj", "{E59DE593-9304-41BD-8F05-C3071AB24F4A}"
EndProject
Project("{9A19103F-16F7-4668-BE54-9A1E7A4F7556}") = "LinuxCentOS7Docker31IronBarcode", "IronBarCodeFolder\LinuxCentOS7Docker31IronBarcode\LinuxCentOS7Docker31IronBarcode.csproj", "{0E4BA4EC-1E74-4821-AC3D-8B08BC3D280A}"
EndProject
Project("{9A19103F-16F7-4668-BE54-9A1E7A4F7556}") = "LinuxCentOS7Docker5IronBarcode", "IronBarCodeFolder\LinuxCentOS7Docker5IronBarcode\LinuxCentOS7Docker5IronBarcode.csproj", "{7DF035A1-EC34-4545-A734-76A87FFEE2D2}"
EndProject
Project("{9A19103F-16F7-4668-BE54-9A1E7A4F7556}") = "LinuxCentOS8Docker31IronBarcode", "IronBarCodeFolder\LinuxCentOS8Docker31IronBarcode\LinuxCentOS8Docker31IronBarcode.csproj", "{D213C44C-F565-4745-A690-76FB89DE4E82}"
EndProject
Project("{9A19103F-16F7-4668-BE54-9A1E7A4F7556}") = "AzureFunction31IronXL", "IronXLFolder\AzureFunction31IronXL\AzureFunction31IronXL.csproj", "{76F1B737-CD8A-40A4-B66E-372C3987FD1E}"
EndProject
Project("{9A19103F-16F7-4668-BE54-9A1E7A4F7556}") = "Docker5IronOCRLinuxCentOS8", "IronOCRFolder\Docker5IronOCRLinuxCentOS8\Docker5IronOCRLinuxCentOS8.csproj", "{5EE31EAC-C556-48EF-A1D5-34EF0C7C7C22}"
EndProject
Project("{9A19103F-16F7-4668-BE54-9A1E7A4F7556}") = "IronOCRAWSLambdaCore31", "IronOCRAWSLambdaCore31\IronOCRAWSLambdaCore31.csproj", "{5B9EE0D1-FCD8-4AA2-9E96-FE9C15C9642C}"
EndProject
Project("{9A19103F-16F7-4668-BE54-9A1E7A4F7556}") = "AWSLambdaIronXLCore31", "AWSLambdaIronXLCore31\AWSLambdaIronXLCore31.csproj", "{4BE3FD69-C498-4622-91F7-DE07911C3E6E}"
EndProject
Project("{9A19103F-16F7-4668-BE54-9A1E7A4F7556}") = "AWSLambdaIronBarcodeCore31", "IronBarCodeFolder\AWSLambdaIronBarcodeCore31\AWSLambdaIronBarcodeCore31.csproj", "{E66DC361-0E3C-4378-B4C3-32F8F85C3299}"
EndProject
Project("{9A19103F-16F7-4668-BE54-9A1E7A4F7556}") = "Docker5IronOCRWindows", "IronOCRFolder\Docker5IronOCRWindows\Docker5IronOCRWindows.csproj", "{3FD639FC-1EA6-409F-9D89-DABB682E6C72}"
EndProject
Project("{9A19103F-16F7-4668-BE54-9A1E7A4F7556}") = "Docker31IronBarCodeAzureFunction", "IronBarCodeFolder\Docker31IronBarCodeAzureFunction\Docker31IronBarCodeAzureFunction.csproj", "{0A07B488-F899-4A98-93D7-734A387EE3D8}"
EndProject
Project("{9A19103F-16F7-4668-BE54-9A1E7A4F7556}") = "WindowsDocker31IronPdf", "IronPdfFolder\WindowsDocker31IronPdf\WindowsDocker31IronPdf.csproj", "{BBE5A7E9-DE8D-4F82-BE62-E3FEE4381620}"
EndProject
Project("{9A19103F-16F7-4668-BE54-9A1E7A4F7556}") = "WindowsDocker5IronPdf", "IronPdfFolder\WindowsDocker5IronPdf\WindowsDocker5IronPdf.csproj", "{1607C5DD-66E0-477E-9992-0AD89277ADB1}"
EndProject
Project("{FAE04EC0-301F-11D3-BF4B-00C04F79EFBC}") = "LinuxDebian11Docker5IronPdf", "IronPdfFolder\LinuxDebian11Docker5IronPdf\LinuxDebian11Docker5IronPdf.csproj", "{64EEF91D-7E04-406B-A1C1-C62DE1187B5C}"
EndProject
Global
	GlobalSection(SolutionConfigurationPlatforms) = preSolution
		Debug|Any CPU = Debug|Any CPU
		Release|Any CPU = Release|Any CPU
	EndGlobalSection
	GlobalSection(ProjectConfigurationPlatforms) = postSolution
		{A4CA1322-CE9D-4DCE-AF3B-2D4C00C4D036}.Debug|Any CPU.ActiveCfg = Debug|Any CPU
		{A4CA1322-CE9D-4DCE-AF3B-2D4C00C4D036}.Debug|Any CPU.Build.0 = Debug|Any CPU
		{A4CA1322-CE9D-4DCE-AF3B-2D4C00C4D036}.Release|Any CPU.ActiveCfg = Release|Any CPU
		{A4CA1322-CE9D-4DCE-AF3B-2D4C00C4D036}.Release|Any CPU.Build.0 = Release|Any CPU
		{33C508E5-4FBE-45B5-A0D0-308EFB0DCCF4}.Debug|Any CPU.ActiveCfg = Debug|Any CPU
		{33C508E5-4FBE-45B5-A0D0-308EFB0DCCF4}.Debug|Any CPU.Build.0 = Debug|Any CPU
		{33C508E5-4FBE-45B5-A0D0-308EFB0DCCF4}.Release|Any CPU.ActiveCfg = Release|Any CPU
		{33C508E5-4FBE-45B5-A0D0-308EFB0DCCF4}.Release|Any CPU.Build.0 = Release|Any CPU
		{AB9E79BA-10DC-4E3A-B323-DC6D6B0989A3}.Debug|Any CPU.ActiveCfg = Debug|Any CPU
		{AB9E79BA-10DC-4E3A-B323-DC6D6B0989A3}.Debug|Any CPU.Build.0 = Debug|Any CPU
		{AB9E79BA-10DC-4E3A-B323-DC6D6B0989A3}.Release|Any CPU.ActiveCfg = Release|Any CPU
		{AB9E79BA-10DC-4E3A-B323-DC6D6B0989A3}.Release|Any CPU.Build.0 = Release|Any CPU
		{8A0A5C3D-63F8-444B-8706-102BA64FCE28}.Debug|Any CPU.ActiveCfg = Debug|Any CPU
		{8A0A5C3D-63F8-444B-8706-102BA64FCE28}.Debug|Any CPU.Build.0 = Debug|Any CPU
		{8A0A5C3D-63F8-444B-8706-102BA64FCE28}.Release|Any CPU.ActiveCfg = Release|Any CPU
		{8A0A5C3D-63F8-444B-8706-102BA64FCE28}.Release|Any CPU.Build.0 = Release|Any CPU
		{7A7FFDDB-D79A-420D-A55E-85AF95B23704}.Debug|Any CPU.ActiveCfg = Debug|Any CPU
		{7A7FFDDB-D79A-420D-A55E-85AF95B23704}.Debug|Any CPU.Build.0 = Debug|Any CPU
		{7A7FFDDB-D79A-420D-A55E-85AF95B23704}.Release|Any CPU.ActiveCfg = Release|Any CPU
		{7A7FFDDB-D79A-420D-A55E-85AF95B23704}.Release|Any CPU.Build.0 = Release|Any CPU
		{5DAF59B2-C3A1-4657-B565-9F51AC8EAD6E}.Debug|Any CPU.ActiveCfg = Debug|Any CPU
		{5DAF59B2-C3A1-4657-B565-9F51AC8EAD6E}.Debug|Any CPU.Build.0 = Debug|Any CPU
		{5DAF59B2-C3A1-4657-B565-9F51AC8EAD6E}.Release|Any CPU.ActiveCfg = Release|Any CPU
		{5DAF59B2-C3A1-4657-B565-9F51AC8EAD6E}.Release|Any CPU.Build.0 = Release|Any CPU
		{AFE30637-1A5B-44EB-AD30-2B25D8BEDA73}.Debug|Any CPU.ActiveCfg = Debug|Any CPU
		{AFE30637-1A5B-44EB-AD30-2B25D8BEDA73}.Debug|Any CPU.Build.0 = Debug|Any CPU
		{AFE30637-1A5B-44EB-AD30-2B25D8BEDA73}.Release|Any CPU.ActiveCfg = Release|Any CPU
		{AFE30637-1A5B-44EB-AD30-2B25D8BEDA73}.Release|Any CPU.Build.0 = Release|Any CPU
		{D119D52E-AB20-4EAA-B23A-38E4C871977F}.Debug|Any CPU.ActiveCfg = Debug|Any CPU
		{D119D52E-AB20-4EAA-B23A-38E4C871977F}.Debug|Any CPU.Build.0 = Debug|Any CPU
		{D119D52E-AB20-4EAA-B23A-38E4C871977F}.Release|Any CPU.ActiveCfg = Release|Any CPU
		{D119D52E-AB20-4EAA-B23A-38E4C871977F}.Release|Any CPU.Build.0 = Release|Any CPU
		{4E11E0EE-D161-4699-A988-9054A51B3710}.Debug|Any CPU.ActiveCfg = Debug|Any CPU
		{4E11E0EE-D161-4699-A988-9054A51B3710}.Debug|Any CPU.Build.0 = Debug|Any CPU
		{4E11E0EE-D161-4699-A988-9054A51B3710}.Release|Any CPU.ActiveCfg = Release|Any CPU
		{4E11E0EE-D161-4699-A988-9054A51B3710}.Release|Any CPU.Build.0 = Release|Any CPU
		{1061BC39-40FA-4C05-A260-7A99C7E83133}.Debug|Any CPU.ActiveCfg = Debug|Any CPU
		{1061BC39-40FA-4C05-A260-7A99C7E83133}.Debug|Any CPU.Build.0 = Debug|Any CPU
		{1061BC39-40FA-4C05-A260-7A99C7E83133}.Release|Any CPU.ActiveCfg = Release|Any CPU
		{1061BC39-40FA-4C05-A260-7A99C7E83133}.Release|Any CPU.Build.0 = Release|Any CPU
		{F40A6F46-CCF3-4173-B7FD-C115B37D32C9}.Debug|Any CPU.ActiveCfg = Debug|Any CPU
		{F40A6F46-CCF3-4173-B7FD-C115B37D32C9}.Debug|Any CPU.Build.0 = Debug|Any CPU
		{F40A6F46-CCF3-4173-B7FD-C115B37D32C9}.Release|Any CPU.ActiveCfg = Release|Any CPU
		{F40A6F46-CCF3-4173-B7FD-C115B37D32C9}.Release|Any CPU.Build.0 = Release|Any CPU
		{4C15E827-5CCB-492B-B6C7-D7AE356F60A5}.Debug|Any CPU.ActiveCfg = Debug|Any CPU
		{4C15E827-5CCB-492B-B6C7-D7AE356F60A5}.Debug|Any CPU.Build.0 = Debug|Any CPU
		{4C15E827-5CCB-492B-B6C7-D7AE356F60A5}.Release|Any CPU.ActiveCfg = Release|Any CPU
		{4C15E827-5CCB-492B-B6C7-D7AE356F60A5}.Release|Any CPU.Build.0 = Release|Any CPU
		{D75B34AA-6CEE-4CE7-84D8-0B29FF0437FF}.Debug|Any CPU.ActiveCfg = Debug|Any CPU
		{D75B34AA-6CEE-4CE7-84D8-0B29FF0437FF}.Debug|Any CPU.Build.0 = Debug|Any CPU
		{D75B34AA-6CEE-4CE7-84D8-0B29FF0437FF}.Release|Any CPU.ActiveCfg = Release|Any CPU
		{D75B34AA-6CEE-4CE7-84D8-0B29FF0437FF}.Release|Any CPU.Build.0 = Release|Any CPU
		{092BE2FF-5385-4F09-AB5B-0672B7C791E0}.Debug|Any CPU.ActiveCfg = Debug|Any CPU
		{092BE2FF-5385-4F09-AB5B-0672B7C791E0}.Debug|Any CPU.Build.0 = Debug|Any CPU
		{092BE2FF-5385-4F09-AB5B-0672B7C791E0}.Release|Any CPU.ActiveCfg = Release|Any CPU
		{092BE2FF-5385-4F09-AB5B-0672B7C791E0}.Release|Any CPU.Build.0 = Release|Any CPU
		{6D9A2279-910C-402D-8FB7-4EC1D2463897}.Debug|Any CPU.ActiveCfg = Debug|Any CPU
		{6D9A2279-910C-402D-8FB7-4EC1D2463897}.Debug|Any CPU.Build.0 = Debug|Any CPU
		{6D9A2279-910C-402D-8FB7-4EC1D2463897}.Release|Any CPU.ActiveCfg = Release|Any CPU
		{6D9A2279-910C-402D-8FB7-4EC1D2463897}.Release|Any CPU.Build.0 = Release|Any CPU
		{A5401FBD-B6DA-40A8-8329-AE35A9DA1115}.Debug|Any CPU.ActiveCfg = Debug|Any CPU
		{A5401FBD-B6DA-40A8-8329-AE35A9DA1115}.Debug|Any CPU.Build.0 = Debug|Any CPU
		{A5401FBD-B6DA-40A8-8329-AE35A9DA1115}.Release|Any CPU.ActiveCfg = Release|Any CPU
		{A5401FBD-B6DA-40A8-8329-AE35A9DA1115}.Release|Any CPU.Build.0 = Release|Any CPU
		{253E95CB-E15D-4C5B-97D6-557A977BC242}.Debug|Any CPU.ActiveCfg = Debug|Any CPU
		{253E95CB-E15D-4C5B-97D6-557A977BC242}.Debug|Any CPU.Build.0 = Debug|Any CPU
		{253E95CB-E15D-4C5B-97D6-557A977BC242}.Release|Any CPU.ActiveCfg = Release|Any CPU
		{253E95CB-E15D-4C5B-97D6-557A977BC242}.Release|Any CPU.Build.0 = Release|Any CPU
		{28C800FE-42E8-48E8-BA07-3671AC7A9B54}.Debug|Any CPU.ActiveCfg = Debug|Any CPU
		{28C800FE-42E8-48E8-BA07-3671AC7A9B54}.Debug|Any CPU.Build.0 = Debug|Any CPU
		{28C800FE-42E8-48E8-BA07-3671AC7A9B54}.Release|Any CPU.ActiveCfg = Release|Any CPU
		{28C800FE-42E8-48E8-BA07-3671AC7A9B54}.Release|Any CPU.Build.0 = Release|Any CPU
		{218659D0-2C0C-4B6D-A456-D25388A5901E}.Debug|Any CPU.ActiveCfg = Debug|Any CPU
		{218659D0-2C0C-4B6D-A456-D25388A5901E}.Debug|Any CPU.Build.0 = Debug|Any CPU
		{218659D0-2C0C-4B6D-A456-D25388A5901E}.Release|Any CPU.ActiveCfg = Release|Any CPU
		{218659D0-2C0C-4B6D-A456-D25388A5901E}.Release|Any CPU.Build.0 = Release|Any CPU
		{90FD6C2F-4F40-4AC1-9DC7-CF09F486D5B9}.Debug|Any CPU.ActiveCfg = Debug|Any CPU
		{90FD6C2F-4F40-4AC1-9DC7-CF09F486D5B9}.Debug|Any CPU.Build.0 = Debug|Any CPU
		{90FD6C2F-4F40-4AC1-9DC7-CF09F486D5B9}.Release|Any CPU.ActiveCfg = Release|Any CPU
		{90FD6C2F-4F40-4AC1-9DC7-CF09F486D5B9}.Release|Any CPU.Build.0 = Release|Any CPU
		{1E9F7F90-D3FD-4ED4-ACE6-DB21C16FD666}.Debug|Any CPU.ActiveCfg = Debug|Any CPU
		{1E9F7F90-D3FD-4ED4-ACE6-DB21C16FD666}.Debug|Any CPU.Build.0 = Debug|Any CPU
		{1E9F7F90-D3FD-4ED4-ACE6-DB21C16FD666}.Release|Any CPU.ActiveCfg = Release|Any CPU
		{1E9F7F90-D3FD-4ED4-ACE6-DB21C16FD666}.Release|Any CPU.Build.0 = Release|Any CPU
		{03A73495-832C-4B0B-95EB-29218AECC651}.Debug|Any CPU.ActiveCfg = Debug|Any CPU
		{03A73495-832C-4B0B-95EB-29218AECC651}.Debug|Any CPU.Build.0 = Debug|Any CPU
		{03A73495-832C-4B0B-95EB-29218AECC651}.Release|Any CPU.ActiveCfg = Release|Any CPU
		{03A73495-832C-4B0B-95EB-29218AECC651}.Release|Any CPU.Build.0 = Release|Any CPU
		{3D5919FA-2C59-4C6C-9945-8AB3FE40201C}.Debug|Any CPU.ActiveCfg = Debug|Any CPU
		{3D5919FA-2C59-4C6C-9945-8AB3FE40201C}.Debug|Any CPU.Build.0 = Debug|Any CPU
		{3D5919FA-2C59-4C6C-9945-8AB3FE40201C}.Release|Any CPU.ActiveCfg = Release|Any CPU
		{3D5919FA-2C59-4C6C-9945-8AB3FE40201C}.Release|Any CPU.Build.0 = Release|Any CPU
		{9ED1931C-C199-448D-B4A0-2EE08C416F07}.Debug|Any CPU.ActiveCfg = Debug|Any CPU
		{9ED1931C-C199-448D-B4A0-2EE08C416F07}.Debug|Any CPU.Build.0 = Debug|Any CPU
		{9ED1931C-C199-448D-B4A0-2EE08C416F07}.Release|Any CPU.ActiveCfg = Release|Any CPU
		{9ED1931C-C199-448D-B4A0-2EE08C416F07}.Release|Any CPU.Build.0 = Release|Any CPU
		{D4B84158-E6C1-4538-989B-7400E2F83295}.Debug|Any CPU.ActiveCfg = Debug|Any CPU
		{D4B84158-E6C1-4538-989B-7400E2F83295}.Debug|Any CPU.Build.0 = Debug|Any CPU
		{D4B84158-E6C1-4538-989B-7400E2F83295}.Release|Any CPU.ActiveCfg = Release|Any CPU
		{D4B84158-E6C1-4538-989B-7400E2F83295}.Release|Any CPU.Build.0 = Release|Any CPU
		{E366833F-8D25-43EB-B38D-DD88A774BC82}.Debug|Any CPU.ActiveCfg = Debug|Any CPU
		{E366833F-8D25-43EB-B38D-DD88A774BC82}.Debug|Any CPU.Build.0 = Debug|Any CPU
		{E366833F-8D25-43EB-B38D-DD88A774BC82}.Release|Any CPU.ActiveCfg = Release|Any CPU
		{E366833F-8D25-43EB-B38D-DD88A774BC82}.Release|Any CPU.Build.0 = Release|Any CPU
		{30BBA6E6-B19E-42D0-AB40-FFBB5E60FC85}.Debug|Any CPU.ActiveCfg = Debug|Any CPU
		{30BBA6E6-B19E-42D0-AB40-FFBB5E60FC85}.Debug|Any CPU.Build.0 = Debug|Any CPU
		{30BBA6E6-B19E-42D0-AB40-FFBB5E60FC85}.Release|Any CPU.ActiveCfg = Release|Any CPU
		{30BBA6E6-B19E-42D0-AB40-FFBB5E60FC85}.Release|Any CPU.Build.0 = Release|Any CPU
		{389371A7-5F77-44C6-A859-8F611C648125}.Debug|Any CPU.ActiveCfg = Debug|Any CPU
		{389371A7-5F77-44C6-A859-8F611C648125}.Debug|Any CPU.Build.0 = Debug|Any CPU
		{389371A7-5F77-44C6-A859-8F611C648125}.Release|Any CPU.ActiveCfg = Release|Any CPU
		{389371A7-5F77-44C6-A859-8F611C648125}.Release|Any CPU.Build.0 = Release|Any CPU
		{CE03C712-6F96-4C70-82A4-8DA593FA7FA6}.Debug|Any CPU.ActiveCfg = Debug|Any CPU
		{CE03C712-6F96-4C70-82A4-8DA593FA7FA6}.Debug|Any CPU.Build.0 = Debug|Any CPU
		{CE03C712-6F96-4C70-82A4-8DA593FA7FA6}.Release|Any CPU.ActiveCfg = Release|Any CPU
		{CE03C712-6F96-4C70-82A4-8DA593FA7FA6}.Release|Any CPU.Build.0 = Release|Any CPU
		{BE8CFEB9-9540-422C-A999-740DB89C5742}.Debug|Any CPU.ActiveCfg = Debug|Any CPU
		{BE8CFEB9-9540-422C-A999-740DB89C5742}.Debug|Any CPU.Build.0 = Debug|Any CPU
		{BE8CFEB9-9540-422C-A999-740DB89C5742}.Release|Any CPU.ActiveCfg = Release|Any CPU
		{BE8CFEB9-9540-422C-A999-740DB89C5742}.Release|Any CPU.Build.0 = Release|Any CPU
		{DEB0AA5D-E498-468F-8B3A-307C50179F02}.Debug|Any CPU.ActiveCfg = Debug|Any CPU
		{DEB0AA5D-E498-468F-8B3A-307C50179F02}.Debug|Any CPU.Build.0 = Debug|Any CPU
		{DEB0AA5D-E498-468F-8B3A-307C50179F02}.Release|Any CPU.ActiveCfg = Release|Any CPU
		{DEB0AA5D-E498-468F-8B3A-307C50179F02}.Release|Any CPU.Build.0 = Release|Any CPU
		{E59DE593-9304-41BD-8F05-C3071AB24F4A}.Debug|Any CPU.ActiveCfg = Debug|Any CPU
		{E59DE593-9304-41BD-8F05-C3071AB24F4A}.Debug|Any CPU.Build.0 = Debug|Any CPU
		{E59DE593-9304-41BD-8F05-C3071AB24F4A}.Release|Any CPU.ActiveCfg = Release|Any CPU
		{E59DE593-9304-41BD-8F05-C3071AB24F4A}.Release|Any CPU.Build.0 = Release|Any CPU
		{0E4BA4EC-1E74-4821-AC3D-8B08BC3D280A}.Debug|Any CPU.ActiveCfg = Debug|Any CPU
		{0E4BA4EC-1E74-4821-AC3D-8B08BC3D280A}.Debug|Any CPU.Build.0 = Debug|Any CPU
		{0E4BA4EC-1E74-4821-AC3D-8B08BC3D280A}.Release|Any CPU.ActiveCfg = Release|Any CPU
		{0E4BA4EC-1E74-4821-AC3D-8B08BC3D280A}.Release|Any CPU.Build.0 = Release|Any CPU
		{7DF035A1-EC34-4545-A734-76A87FFEE2D2}.Debug|Any CPU.ActiveCfg = Debug|Any CPU
		{7DF035A1-EC34-4545-A734-76A87FFEE2D2}.Debug|Any CPU.Build.0 = Debug|Any CPU
		{7DF035A1-EC34-4545-A734-76A87FFEE2D2}.Release|Any CPU.ActiveCfg = Release|Any CPU
		{7DF035A1-EC34-4545-A734-76A87FFEE2D2}.Release|Any CPU.Build.0 = Release|Any CPU
		{D213C44C-F565-4745-A690-76FB89DE4E82}.Debug|Any CPU.ActiveCfg = Debug|Any CPU
		{D213C44C-F565-4745-A690-76FB89DE4E82}.Debug|Any CPU.Build.0 = Debug|Any CPU
		{D213C44C-F565-4745-A690-76FB89DE4E82}.Release|Any CPU.ActiveCfg = Release|Any CPU
		{D213C44C-F565-4745-A690-76FB89DE4E82}.Release|Any CPU.Build.0 = Release|Any CPU
		{76F1B737-CD8A-40A4-B66E-372C3987FD1E}.Debug|Any CPU.ActiveCfg = Debug|Any CPU
		{76F1B737-CD8A-40A4-B66E-372C3987FD1E}.Debug|Any CPU.Build.0 = Debug|Any CPU
		{76F1B737-CD8A-40A4-B66E-372C3987FD1E}.Release|Any CPU.ActiveCfg = Release|Any CPU
		{76F1B737-CD8A-40A4-B66E-372C3987FD1E}.Release|Any CPU.Build.0 = Release|Any CPU
		{5EE31EAC-C556-48EF-A1D5-34EF0C7C7C22}.Debug|Any CPU.ActiveCfg = Debug|Any CPU
		{5EE31EAC-C556-48EF-A1D5-34EF0C7C7C22}.Debug|Any CPU.Build.0 = Debug|Any CPU
		{5EE31EAC-C556-48EF-A1D5-34EF0C7C7C22}.Release|Any CPU.ActiveCfg = Release|Any CPU
		{5EE31EAC-C556-48EF-A1D5-34EF0C7C7C22}.Release|Any CPU.Build.0 = Release|Any CPU
		{5B9EE0D1-FCD8-4AA2-9E96-FE9C15C9642C}.Debug|Any CPU.ActiveCfg = Debug|Any CPU
		{5B9EE0D1-FCD8-4AA2-9E96-FE9C15C9642C}.Debug|Any CPU.Build.0 = Debug|Any CPU
		{5B9EE0D1-FCD8-4AA2-9E96-FE9C15C9642C}.Release|Any CPU.ActiveCfg = Release|Any CPU
		{5B9EE0D1-FCD8-4AA2-9E96-FE9C15C9642C}.Release|Any CPU.Build.0 = Release|Any CPU
		{4BE3FD69-C498-4622-91F7-DE07911C3E6E}.Debug|Any CPU.ActiveCfg = Debug|Any CPU
		{4BE3FD69-C498-4622-91F7-DE07911C3E6E}.Debug|Any CPU.Build.0 = Debug|Any CPU
		{4BE3FD69-C498-4622-91F7-DE07911C3E6E}.Release|Any CPU.ActiveCfg = Release|Any CPU
		{4BE3FD69-C498-4622-91F7-DE07911C3E6E}.Release|Any CPU.Build.0 = Release|Any CPU
		{E66DC361-0E3C-4378-B4C3-32F8F85C3299}.Debug|Any CPU.ActiveCfg = Debug|Any CPU
		{E66DC361-0E3C-4378-B4C3-32F8F85C3299}.Debug|Any CPU.Build.0 = Debug|Any CPU
		{E66DC361-0E3C-4378-B4C3-32F8F85C3299}.Release|Any CPU.ActiveCfg = Release|Any CPU
		{E66DC361-0E3C-4378-B4C3-32F8F85C3299}.Release|Any CPU.Build.0 = Release|Any CPU
		{3FD639FC-1EA6-409F-9D89-DABB682E6C72}.Debug|Any CPU.ActiveCfg = Debug|Any CPU
		{3FD639FC-1EA6-409F-9D89-DABB682E6C72}.Debug|Any CPU.Build.0 = Debug|Any CPU
		{3FD639FC-1EA6-409F-9D89-DABB682E6C72}.Release|Any CPU.ActiveCfg = Release|Any CPU
		{3FD639FC-1EA6-409F-9D89-DABB682E6C72}.Release|Any CPU.Build.0 = Release|Any CPU
		{0A07B488-F899-4A98-93D7-734A387EE3D8}.Debug|Any CPU.ActiveCfg = Debug|Any CPU
		{0A07B488-F899-4A98-93D7-734A387EE3D8}.Debug|Any CPU.Build.0 = Debug|Any CPU
		{0A07B488-F899-4A98-93D7-734A387EE3D8}.Release|Any CPU.ActiveCfg = Release|Any CPU
		{0A07B488-F899-4A98-93D7-734A387EE3D8}.Release|Any CPU.Build.0 = Release|Any CPU
		{BBE5A7E9-DE8D-4F82-BE62-E3FEE4381620}.Debug|Any CPU.ActiveCfg = Debug|Any CPU
		{BBE5A7E9-DE8D-4F82-BE62-E3FEE4381620}.Debug|Any CPU.Build.0 = Debug|Any CPU
		{BBE5A7E9-DE8D-4F82-BE62-E3FEE4381620}.Release|Any CPU.ActiveCfg = Release|Any CPU
		{BBE5A7E9-DE8D-4F82-BE62-E3FEE4381620}.Release|Any CPU.Build.0 = Release|Any CPU
		{1607C5DD-66E0-477E-9992-0AD89277ADB1}.Debug|Any CPU.ActiveCfg = Debug|Any CPU
		{1607C5DD-66E0-477E-9992-0AD89277ADB1}.Debug|Any CPU.Build.0 = Debug|Any CPU
		{1607C5DD-66E0-477E-9992-0AD89277ADB1}.Release|Any CPU.ActiveCfg = Release|Any CPU
		{1607C5DD-66E0-477E-9992-0AD89277ADB1}.Release|Any CPU.Build.0 = Release|Any CPU
		{64EEF91D-7E04-406B-A1C1-C62DE1187B5C}.Debug|Any CPU.ActiveCfg = Debug|Any CPU
		{64EEF91D-7E04-406B-A1C1-C62DE1187B5C}.Debug|Any CPU.Build.0 = Debug|Any CPU
		{64EEF91D-7E04-406B-A1C1-C62DE1187B5C}.Release|Any CPU.ActiveCfg = Release|Any CPU
		{64EEF91D-7E04-406B-A1C1-C62DE1187B5C}.Release|Any CPU.Build.0 = Release|Any CPU
	EndGlobalSection
	GlobalSection(SolutionProperties) = preSolution
		HideSolutionNode = FALSE
	EndGlobalSection
	GlobalSection(NestedProjects) = preSolution
		{A4CA1322-CE9D-4DCE-AF3B-2D4C00C4D036} = {A2E425CC-087D-4FEB-B00D-E04ABC71146A}
		{33C508E5-4FBE-45B5-A0D0-308EFB0DCCF4} = {A2E425CC-087D-4FEB-B00D-E04ABC71146A}
		{AB9E79BA-10DC-4E3A-B323-DC6D6B0989A3} = {A2E425CC-087D-4FEB-B00D-E04ABC71146A}
		{8A0A5C3D-63F8-444B-8706-102BA64FCE28} = {A2E425CC-087D-4FEB-B00D-E04ABC71146A}
		{7A7FFDDB-D79A-420D-A55E-85AF95B23704} = {A2E425CC-087D-4FEB-B00D-E04ABC71146A}
		{5DAF59B2-C3A1-4657-B565-9F51AC8EAD6E} = {A2E425CC-087D-4FEB-B00D-E04ABC71146A}
		{AFE30637-1A5B-44EB-AD30-2B25D8BEDA73} = {A2E425CC-087D-4FEB-B00D-E04ABC71146A}
		{D119D52E-AB20-4EAA-B23A-38E4C871977F} = {A2E425CC-087D-4FEB-B00D-E04ABC71146A}
		{4E11E0EE-D161-4699-A988-9054A51B3710} = {A2E425CC-087D-4FEB-B00D-E04ABC71146A}
		{1061BC39-40FA-4C05-A260-7A99C7E83133} = {A2E425CC-087D-4FEB-B00D-E04ABC71146A}
		{F40A6F46-CCF3-4173-B7FD-C115B37D32C9} = {A2E425CC-087D-4FEB-B00D-E04ABC71146A}
		{4C15E827-5CCB-492B-B6C7-D7AE356F60A5} = {A2E425CC-087D-4FEB-B00D-E04ABC71146A}
		{D75B34AA-6CEE-4CE7-84D8-0B29FF0437FF} = {3BB473E4-DBC6-4646-9473-177AC4D17533}
		{092BE2FF-5385-4F09-AB5B-0672B7C791E0} = {3BB473E4-DBC6-4646-9473-177AC4D17533}
		{6D9A2279-910C-402D-8FB7-4EC1D2463897} = {3BB473E4-DBC6-4646-9473-177AC4D17533}
		{A5401FBD-B6DA-40A8-8329-AE35A9DA1115} = {3BB473E4-DBC6-4646-9473-177AC4D17533}
		{253E95CB-E15D-4C5B-97D6-557A977BC242} = {3BB473E4-DBC6-4646-9473-177AC4D17533}
		{28C800FE-42E8-48E8-BA07-3671AC7A9B54} = {3BB473E4-DBC6-4646-9473-177AC4D17533}
		{218659D0-2C0C-4B6D-A456-D25388A5901E} = {3BB473E4-DBC6-4646-9473-177AC4D17533}
		{90FD6C2F-4F40-4AC1-9DC7-CF09F486D5B9} = {3BB473E4-DBC6-4646-9473-177AC4D17533}
		{1E9F7F90-D3FD-4ED4-ACE6-DB21C16FD666} = {3BB473E4-DBC6-4646-9473-177AC4D17533}
		{03A73495-832C-4B0B-95EB-29218AECC651} = {3BB473E4-DBC6-4646-9473-177AC4D17533}
		{3D5919FA-2C59-4C6C-9945-8AB3FE40201C} = {3BB473E4-DBC6-4646-9473-177AC4D17533}
		{9ED1931C-C199-448D-B4A0-2EE08C416F07} = {9F454F16-9241-46DE-8114-96F9EBB043B3}
		{D4B84158-E6C1-4538-989B-7400E2F83295} = {9F454F16-9241-46DE-8114-96F9EBB043B3}
		{E366833F-8D25-43EB-B38D-DD88A774BC82} = {9F454F16-9241-46DE-8114-96F9EBB043B3}
		{30BBA6E6-B19E-42D0-AB40-FFBB5E60FC85} = {5CDF1B0D-2CD9-4214-AC9C-16096AF2F44B}
		{389371A7-5F77-44C6-A859-8F611C648125} = {5CDF1B0D-2CD9-4214-AC9C-16096AF2F44B}
		{CE03C712-6F96-4C70-82A4-8DA593FA7FA6} = {5CDF1B0D-2CD9-4214-AC9C-16096AF2F44B}
		{BE8CFEB9-9540-422C-A999-740DB89C5742} = {5CDF1B0D-2CD9-4214-AC9C-16096AF2F44B}
		{DEB0AA5D-E498-468F-8B3A-307C50179F02} = {5CDF1B0D-2CD9-4214-AC9C-16096AF2F44B}
		{E59DE593-9304-41BD-8F05-C3071AB24F4A} = {5CDF1B0D-2CD9-4214-AC9C-16096AF2F44B}
		{0E4BA4EC-1E74-4821-AC3D-8B08BC3D280A} = {5CDF1B0D-2CD9-4214-AC9C-16096AF2F44B}
		{7DF035A1-EC34-4545-A734-76A87FFEE2D2} = {5CDF1B0D-2CD9-4214-AC9C-16096AF2F44B}
		{D213C44C-F565-4745-A690-76FB89DE4E82} = {5CDF1B0D-2CD9-4214-AC9C-16096AF2F44B}
		{76F1B737-CD8A-40A4-B66E-372C3987FD1E} = {3BB473E4-DBC6-4646-9473-177AC4D17533}
		{5EE31EAC-C556-48EF-A1D5-34EF0C7C7C22} = {A2E425CC-087D-4FEB-B00D-E04ABC71146A}
		{5B9EE0D1-FCD8-4AA2-9E96-FE9C15C9642C} = {A2E425CC-087D-4FEB-B00D-E04ABC71146A}
		{4BE3FD69-C498-4622-91F7-DE07911C3E6E} = {3BB473E4-DBC6-4646-9473-177AC4D17533}
		{E66DC361-0E3C-4378-B4C3-32F8F85C3299} = {5CDF1B0D-2CD9-4214-AC9C-16096AF2F44B}
		{3FD639FC-1EA6-409F-9D89-DABB682E6C72} = {A2E425CC-087D-4FEB-B00D-E04ABC71146A}
		{0A07B488-F899-4A98-93D7-734A387EE3D8} = {5CDF1B0D-2CD9-4214-AC9C-16096AF2F44B}
		{BBE5A7E9-DE8D-4F82-BE62-E3FEE4381620} = {9F454F16-9241-46DE-8114-96F9EBB043B3}
		{1607C5DD-66E0-477E-9992-0AD89277ADB1} = {9F454F16-9241-46DE-8114-96F9EBB043B3}
		{64EEF91D-7E04-406B-A1C1-C62DE1187B5C} = {9F454F16-9241-46DE-8114-96F9EBB043B3}
	EndGlobalSection
	GlobalSection(ExtensibilityGlobals) = postSolution
		SolutionGuid = {F074BC46-4F61-42DF-A588-B4B406F7F794}
	EndGlobalSection
EndGlobal
